
Microsoft Visual Studio Solution File, Format Version 12.00
# Visual Studio Version 17
VisualStudioVersion = 17.14.36121.58 d17.14
MinimumVisualStudioVersion = 10.0.40219.1
Project("{FAE04EC0-301F-11D3-BF4B-00C04F79EFBC}") = "TalabatApplication", "TalabatApplication\TalabatApplication.csproj", "{A62DCF48-0B1D-44A7-97FA-CC0DD21A7571}"
EndProject
Project("{FAE04EC0-301F-11D3-BF4B-00C04F79EFBC}") = "Talabat.Core", "Talabat.Core\Talabat.Core.csproj", "{37E8DDB4-C0EE-42DC-872C-58BC46809D00}"
EndProject
Project("{FAE04EC0-301F-11D3-BF4B-00C04F79EFBC}") = "Talabat.Repository", "Talabat.Repository\Talabat.Repository.csproj", "{49A0095A-29A8-4FC1-879A-CE3B77E07CF8}"
EndProject
Project("{FAE04EC0-301F-11D3-BF4B-00C04F79EFBC}") = "Talabat.Service", "Talabat.Service\Talabat.Service.csproj", "{5D83F1C3-B9EE-4336-927F-F2D66AD12341}"
EndProject
Global
	GlobalSection(SolutionConfigurationPlatforms) = preSolution
		Debug|Any CPU = Debug|Any CPU
		Release|Any CPU = Release|Any CPU
	EndGlobalSection
	GlobalSection(ProjectConfigurationPlatforms) = postSolution
		{A62DCF48-0B1D-44A7-97FA-CC0DD21A7571}.Debug|Any CPU.ActiveCfg = Debug|Any CPU
		{A62DCF48-0B1D-44A7-97FA-CC0DD21A7571}.Debug|Any CPU.Build.0 = Debug|Any CPU
		{A62DCF48-0B1D-44A7-97FA-CC0DD21A7571}.Release|Any CPU.ActiveCfg = Release|Any CPU
		{A62DCF48-0B1D-44A7-97FA-CC0DD21A7571}.Release|Any CPU.Build.0 = Release|Any CPU
		{37E8DDB4-C0EE-42DC-872C-58BC46809D00}.Debug|Any CPU.ActiveCfg = Debug|Any CPU
		{37E8DDB4-C0EE-42DC-872C-58BC46809D00}.Debug|Any CPU.Build.0 = Debug|Any CPU
		{37E8DDB4-C0EE-42DC-872C-58BC46809D00}.Release|Any CPU.ActiveCfg = Release|Any CPU
		{37E8DDB4-C0EE-42DC-872C-58BC46809D00}.Release|Any CPU.Build.0 = Release|Any CPU
		{49A0095A-29A8-4FC1-879A-CE3B77E07CF8}.Debug|Any CPU.ActiveCfg = Debug|Any CPU
		{49A0095A-29A8-4FC1-879A-CE3B77E07CF8}.Debug|Any CPU.Build.0 = Debug|Any CPU
		{49A0095A-29A8-4FC1-879A-CE3B77E07CF8}.Release|Any CPU.ActiveCfg = Release|Any CPU
		{49A0095A-29A8-4FC1-879A-CE3B77E07CF8}.Release|Any CPU.Build.0 = Release|Any CPU
		{5D83F1C3-B9EE-4336-927F-F2D66AD12341}.Debug|Any CPU.ActiveCfg = Debug|Any CPU
		{5D83F1C3-B9EE-4336-927F-F2D66AD12341}.Debug|Any CPU.Build.0 = Debug|Any CPU
		{5D83F1C3-B9EE-4336-927F-F2D66AD12341}.Release|Any CPU.ActiveCfg = Release|Any CPU
		{5D83F1C3-B9EE-4336-927F-F2D66AD12341}.Release|Any CPU.Build.0 = Release|Any CPU
	EndGlobalSection
	GlobalSection(SolutionProperties) = preSolution
		HideSolutionNode = FALSE
	EndGlobalSection
	GlobalSection(ExtensibilityGlobals) = postSolution
		SolutionGuid = {8D1E5FC7-4DAC-45D0-B88C-9C97D9058D01}
	EndGlobalSection
EndGlobal
